
Microsoft Visual Studio Solution File, Format Version 12.00
# Visual Studio Version 17
VisualStudioVersion = 17.13.35919.96 d17.13
MinimumVisualStudioVersion = 10.0.40219.1
Project("{FAE04EC0-301F-11D3-BF4B-00C04F79EFBC}") = "ProjectManagementSystem", "ProjectManagementSystem.csproj", "{F1CDB329-56A7-4E56-8438-0B2319F43241}"
EndProject
Project("{FAE04EC0-301F-11D3-BF4B-00C04F79EFBC}") = "ProjectTest", "..\ProjectTest\ProjectTest.csproj", "{1A7C6C1F-4128-4585-9B50-71BBD60444DD}"
EndProject
Global
	GlobalSection(SolutionConfigurationPlatforms) = preSolution
		Debug|Any CPU = Debug|Any CPU
		Release|Any CPU = Release|Any CPU
	EndGlobalSection
	GlobalSection(ProjectConfigurationPlatforms) = postSolution
		{F1CDB329-56A7-4E56-8438-0B2319F43241}.Debug|Any CPU.ActiveCfg = Debug|Any CPU
		{F1CDB329-56A7-4E56-8438-0B2319F43241}.Debug|Any CPU.Build.0 = Debug|Any CPU
		{F1CDB329-56A7-4E56-8438-0B2319F43241}.Release|Any CPU.ActiveCfg = Release|Any CPU
		{F1CDB329-56A7-4E56-8438-0B2319F43241}.Release|Any CPU.Build.0 = Release|Any CPU
		{1A7C6C1F-4128-4585-9B50-71BBD60444DD}.Debug|Any CPU.ActiveCfg = Debug|Any CPU
		{1A7C6C1F-4128-4585-9B50-71BBD60444DD}.Debug|Any CPU.Build.0 = Debug|Any CPU
		{1A7C6C1F-4128-4585-9B50-71BBD60444DD}.Release|Any CPU.ActiveCfg = Release|Any CPU
		{1A7C6C1F-4128-4585-9B50-71BBD60444DD}.Release|Any CPU.Build.0 = Release|Any CPU
	EndGlobalSection
	GlobalSection(SolutionProperties) = preSolution
		HideSolutionNode = FALSE
	EndGlobalSection
	GlobalSection(ExtensibilityGlobals) = postSolution
		SolutionGuid = {F95CF501-EF57-420B-B04F-1AB4D7F660CF}
	EndGlobalSection
EndGlobal
